# This file was autogenerated by Stack.
# You should not edit this file by hand.
# For more information, please see the documentation at:
#   https://docs.haskellstack.org/en/stable/topics/lock_files

packages:
- completed:
    hackage: mongoDB-2.7.1.4@sha256:50eac5a0242ba3c5fc7238a1e2a04efb79fbae78319d983deca40f3a610d2970,5326
    pantry-tree:
      sha256: 032615f10d28e2f255afcb9cd08bf81dd7c79029f5b0ae53c9f57b4807b98352
      size: 1186
  original:
    hackage: mongoDB-2.7.1.4
- completed:
    hackage: cryptohash-0.11.9@sha256:59d9494ba0cc9eef087ecba2e12e4d3e2d3b0327dd1542af552e3dca0e7de70d,4230
    pantry-tree:
      sha256: f916b60e1f935ee554beacae455b9d3bc79c083e6235d5f4b519cb6df00e4032
      size: 2259
  original:
    hackage: cryptohash-0.11.9
- completed:
    hackage: cryptonite-0.30@sha256:12c85dea7be63e5ad90bcb487eb3846bf3c413347f94336fa1dede7b28f9936a,18301
    pantry-tree:
      sha256: df1cbe4cc40d569cc75ffed40bc5deac43cb085653980b42b9b6a5d4b745a30a
      size: 23323
  original:
    hackage: cryptonite-0.30
- completed:
    hackage: capnp-0.18.0.0@sha256:e83183e909469c36b2a570358f6853a3e2b6fa50274afed59e0cbbd36cb7fcd4,8410
    pantry-tree:
      sha256: c15d4572d0fb92acd0db44cb07a9db08858ddfb1cba66acc21b5ddad79729153
      size: 8479
  original:
    hackage: capnp-0.18.0.0
- completed:
    hackage: data-default-instances-vector-0.0.1@sha256:8a78beb491235231802c98fb1a58fea519359be1c9374b9f08d37feed34a385e,1791
    pantry-tree:
      sha256: 1535e9e996894b238b51a272045bde55c8d4a294cd87b1deb23e3d28fc15b632
      size: 351
  original:
    hackage: data-default-instances-vector-0.0.1@sha256:8a78beb491235231802c98fb1a58fea519359be1c9374b9f08d37feed34a385e,1791
- completed:
    hackage: lifetimes-0.2.0.1@sha256:d7436bf8427c7feeb84c7e2c9a6f4cd92538a98680d31a1cffa9b8536965d9db,1985
    pantry-tree:
      sha256: c8f7fccff7886e44914251ac8adfcd36b5a0d5870d38b8657871a283d4fa16c2
      size: 551
  original:
    hackage: lifetimes-0.2.0.1@sha256:d7436bf8427c7feeb84c7e2c9a6f4cd92538a98680d31a1cffa9b8536965d9db,1985
- completed:
    hackage: monad-stm-0.1.0.2@sha256:68c509a631cbb2f49c3e8b37527d281e6fdafbedac63a4c6fa69c98f4e0b2506,1732
    pantry-tree:
      sha256: b9766739e8a87b3a8d34350673e49927fa4fcde5710b573d748b2d0cd5892cea
      size: 219
  original:
    hackage: monad-stm-0.1.0.2@sha256:68c509a631cbb2f49c3e8b37527d281e6fdafbedac63a4c6fa69c98f4e0b2506,1732
- completed:
    hackage: supervisors-0.2.1.0@sha256:87fdab514df15c0079160f0f0dab04449fbc791b12edf21f7ccd56ff05d705c8,2121
    pantry-tree:
      sha256: 03ac9a330e5671369a520dc79e9f3e1dc556adb33dee17e472facbf20425564b
      size: 416
  original:
    hackage: supervisors-0.2.1.0@sha256:87fdab514df15c0079160f0f0dab04449fbc791b12edf21f7ccd56ff05d705c8,2121
- completed:
    hackage: zenhack-prelude-0.1.1.0@sha256:1ffdc0ad17e7c25786ef671f5889c165b325265b6d85ef4518a38fb1c52c446a,960
    pantry-tree:
      sha256: e620f5d5831407f7f016e46e6c4bb70f3d3b7bdf650ff8227f531bc1c3092448
      size: 256
  original:
    hackage: zenhack-prelude-0.1.1.0@sha256:1ffdc0ad17e7c25786ef671f5889c165b325265b6d85ef4518a38fb1c52c446a,960
snapshots:
- completed:
    sha256: 96b9b93d6be649976cbff82e57b9285575fc40c7ced86cd75fc224ab63e5ca78
    size: 705171
    url: https://raw.githubusercontent.com/commercialhaskell/stackage-snapshots/master/nightly/2025/11/11.yaml
  original:
    url: https://raw.githubusercontent.com/commercialhaskell/stackage-snapshots/master/nightly/2025/11/11.yaml
